
Microsoft Visual Studio Solution File, Format Version 12.00
# Visual Studio Version 16
VisualStudioVersion = 16.0.31410.357
MinimumVisualStudioVersion = 10.0.40219.1
Project("{FAE04EC0-301F-11D3-BF4B-00C04F79EFBC}") = "BMICalculatorApplication", "BMICalculatorApplication\BMICalculatorApplication.csproj", "{5F43E378-1166-4BE6-8194-5158919A02CF}"
EndProject
Project("{FAE04EC0-301F-11D3-BF4B-00C04F79EFBC}") = "Input", "Input\Input.csproj", "{678A89BA-7C20-4C41-BB30-07100459631A}"
EndProject
Project("{FAE04EC0-301F-11D3-BF4B-00C04F79EFBC}") = "CalculateBMI", "CalculateBMI\CalculateBMI.csproj", "{43BBABA6-0DFD-43C3-B178-667B0CC24AF1}"
EndProject
Project("{FAE04EC0-301F-11D3-BF4B-00C04F79EFBC}") = "ValidateUserInput", "ValidateUserInput\ValidateUserInput.csproj", "{3BA7C62C-FA4A-434D-89D1-8503C30338D7}"
EndProject
Global
	GlobalSection(SolutionConfigurationPlatforms) = preSolution
		Debug|Any CPU = Debug|Any CPU
		Release|Any CPU = Release|Any CPU
	EndGlobalSection
	GlobalSection(ProjectConfigurationPlatforms) = postSolution
		{5F43E378-1166-4BE6-8194-5158919A02CF}.Debug|Any CPU.ActiveCfg = Debug|Any CPU
		{5F43E378-1166-4BE6-8194-5158919A02CF}.Debug|Any CPU.Build.0 = Debug|Any CPU
		{5F43E378-1166-4BE6-8194-5158919A02CF}.Release|Any CPU.ActiveCfg = Release|Any CPU
		{5F43E378-1166-4BE6-8194-5158919A02CF}.Release|Any CPU.Build.0 = Release|Any CPU
		{678A89BA-7C20-4C41-BB30-07100459631A}.Debug|Any CPU.ActiveCfg = Debug|Any CPU
		{678A89BA-7C20-4C41-BB30-07100459631A}.Debug|Any CPU.Build.0 = Debug|Any CPU
		{678A89BA-7C20-4C41-BB30-07100459631A}.Release|Any CPU.ActiveCfg = Release|Any CPU
		{678A89BA-7C20-4C41-BB30-07100459631A}.Release|Any CPU.Build.0 = Release|Any CPU
		{43BBABA6-0DFD-43C3-B178-667B0CC24AF1}.Debug|Any CPU.ActiveCfg = Debug|Any CPU
		{43BBABA6-0DFD-43C3-B178-667B0CC24AF1}.Debug|Any CPU.Build.0 = Debug|Any CPU
		{43BBABA6-0DFD-43C3-B178-667B0CC24AF1}.Release|Any CPU.ActiveCfg = Release|Any CPU
		{43BBABA6-0DFD-43C3-B178-667B0CC24AF1}.Release|Any CPU.Build.0 = Release|Any CPU
		{3BA7C62C-FA4A-434D-89D1-8503C30338D7}.Debug|Any CPU.ActiveCfg = Debug|Any CPU
		{3BA7C62C-FA4A-434D-89D1-8503C30338D7}.Debug|Any CPU.Build.0 = Debug|Any CPU
		{3BA7C62C-FA4A-434D-89D1-8503C30338D7}.Release|Any CPU.ActiveCfg = Release|Any CPU
		{3BA7C62C-FA4A-434D-89D1-8503C30338D7}.Release|Any CPU.Build.0 = Release|Any CPU
	EndGlobalSection
	GlobalSection(SolutionProperties) = preSolution
		HideSolutionNode = FALSE
	EndGlobalSection
	GlobalSection(ExtensibilityGlobals) = postSolution
		SolutionGuid = {C5D57820-1927-483F-8310-3CA47D466699}
	EndGlobalSection
EndGlobal
